
Microsoft Visual Studio Solution File, Format Version 12.00
# Visual Studio Version 16
VisualStudioVersion = 16.0.30907.101
MinimumVisualStudioVersion = 10.0.40219.1
Project("{9A19103F-16F7-4668-BE54-9A1E7A4F7556}") = "Library.API", "Library.API\Library.API.csproj", "{B79DEC02-9D7B-4164-B842-E0CDC14DC01C}"
EndProject
Project("{FAE04EC0-301F-11D3-BF4B-00C04F79EFBC}") = "Library.API.Testing", "Library.API.Testing\Library.API.Testing.csproj", "{6AB9879B-3C1B-40E6-8A4A-B4396A7440F3}"
EndProject
Global
	GlobalSection(SolutionConfigurationPlatforms) = preSolution
		Debug|Any CPU = Debug|Any CPU
		Release|Any CPU = Release|Any CPU
	EndGlobalSection
	GlobalSection(ProjectConfigurationPlatforms) = postSolution
		{B79DEC02-9D7B-4164-B842-E0CDC14DC01C}.Debug|Any CPU.ActiveCfg = Debug|Any CPU
		{B79DEC02-9D7B-4164-B842-E0CDC14DC01C}.Debug|Any CPU.Build.0 = Debug|Any CPU
		{B79DEC02-9D7B-4164-B842-E0CDC14DC01C}.Release|Any CPU.ActiveCfg = Release|Any CPU
		{B79DEC02-9D7B-4164-B842-E0CDC14DC01C}.Release|Any CPU.Build.0 = Release|Any CPU
		{6AB9879B-3C1B-40E6-8A4A-B4396A7440F3}.Debug|Any CPU.ActiveCfg = Debug|Any CPU
		{6AB9879B-3C1B-40E6-8A4A-B4396A7440F3}.Debug|Any CPU.Build.0 = Debug|Any CPU
		{6AB9879B-3C1B-40E6-8A4A-B4396A7440F3}.Release|Any CPU.ActiveCfg = Release|Any CPU
		{6AB9879B-3C1B-40E6-8A4A-B4396A7440F3}.Release|Any CPU.Build.0 = Release|Any CPU
	EndGlobalSection
	GlobalSection(SolutionProperties) = preSolution
		HideSolutionNode = FALSE
	EndGlobalSection
	GlobalSection(ExtensibilityGlobals) = postSolution
		SolutionGuid = {2B0AC6BD-0182-445E-9748-94D57AFD42C5}
	EndGlobalSection
EndGlobal
